
Microsoft Visual Studio Solution File, Format Version 12.00
# Visual Studio Version 17
VisualStudioVersion = 17.2.32602.215
MinimumVisualStudioVersion = 10.0.40219.1
Project("{FAE04EC0-301F-11D3-BF4B-00C04F79EFBC}") = "Singleton_Desing_Pattern", "Singleton_Desing_Pattern\Singleton_Desing_Pattern.csproj", "{9D0A6F06-BDC5-4924-8B07-6926904BA984}"
EndProject
Project("{FAE04EC0-301F-11D3-BF4B-00C04F79EFBC}") = "Factory_Design_Pattern", "Factory_Design_Pattern\Factory_Design_Pattern.csproj", "{90FF3BDD-C61C-4C17-ACFF-35BCE604D93E}"
EndProject
Global
	GlobalSection(SolutionConfigurationPlatforms) = preSolution
		Debug|Any CPU = Debug|Any CPU
		Release|Any CPU = Release|Any CPU
	EndGlobalSection
	GlobalSection(ProjectConfigurationPlatforms) = postSolution
		{9D0A6F06-BDC5-4924-8B07-6926904BA984}.Debug|Any CPU.ActiveCfg = Debug|Any CPU
		{9D0A6F06-BDC5-4924-8B07-6926904BA984}.Debug|Any CPU.Build.0 = Debug|Any CPU
		{9D0A6F06-BDC5-4924-8B07-6926904BA984}.Release|Any CPU.ActiveCfg = Release|Any CPU
		{9D0A6F06-BDC5-4924-8B07-6926904BA984}.Release|Any CPU.Build.0 = Release|Any CPU
		{90FF3BDD-C61C-4C17-ACFF-35BCE604D93E}.Debug|Any CPU.ActiveCfg = Debug|Any CPU
		{90FF3BDD-C61C-4C17-ACFF-35BCE604D93E}.Debug|Any CPU.Build.0 = Debug|Any CPU
		{90FF3BDD-C61C-4C17-ACFF-35BCE604D93E}.Release|Any CPU.ActiveCfg = Release|Any CPU
		{90FF3BDD-C61C-4C17-ACFF-35BCE604D93E}.Release|Any CPU.Build.0 = Release|Any CPU
	EndGlobalSection
	GlobalSection(SolutionProperties) = preSolution
		HideSolutionNode = FALSE
	EndGlobalSection
	GlobalSection(ExtensibilityGlobals) = postSolution
		SolutionGuid = {EB4AD669-5398-4B60-BA23-1299BAA3F51B}
	EndGlobalSection
EndGlobal
