
Microsoft Visual Studio Solution File, Format Version 12.00
# Visual Studio Version 17
VisualStudioVersion = 17.2.32602.215
MinimumVisualStudioVersion = 10.0.40219.1
Project("{9A19103F-16F7-4668-BE54-9A1E7A4F7556}") = "Singleton_Desing_Pattern", "Singleton_Desing_Pattern\Singleton_Desing_Pattern.csproj", "{9D0A6F06-BDC5-4924-8B07-6926904BA984}"
EndProject
Project("{9A19103F-16F7-4668-BE54-9A1E7A4F7556}") = "Factory_Design_Pattern", "Factory_Design_Pattern\Factory_Design_Pattern.csproj", "{90FF3BDD-C61C-4C17-ACFF-35BCE604D93E}"
EndProject
Project("{9A19103F-16F7-4668-BE54-9A1E7A4F7556}") = "Prototype_Design_Pattern", "Prototype_Design_Pattern\Prototype_Design_Pattern.csproj", "{0147212F-5E12-49F7-A27D-C9F2D169DA62}"
EndProject
Project("{9A19103F-16F7-4668-BE54-9A1E7A4F7556}") = "Object_Pool_Desing_Pattern", "Object_Pool_Desing_Pattern\Object_Pool_Desing_Pattern.csproj", "{CDD8E82B-64E1-4DC1-AF00-6EFB1600FEF6}"
EndProject
Project("{9A19103F-16F7-4668-BE54-9A1E7A4F7556}") = "Builder_Design_Pattern", "Builder_Design_Pattern\Builder_Design_Pattern.csproj", "{D0521496-435C-4D78-96FC-4F93DA2FFA20}"
EndProject
Project("{9A19103F-16F7-4668-BE54-9A1E7A4F7556}") = "Abstract_Factory_Dp", "Abstract_Factory_Dp\Abstract_Factory_Dp.csproj", "{02754721-A995-4240-8188-18272A06373D}"
EndProject
Project("{FAE04EC0-301F-11D3-BF4B-00C04F79EFBC}") = "Iterator_Design_Pattern", "Iterator_Design_Pattern\Iterator_Design_Pattern.csproj", "{87ACF89D-C543-44CE-B9B4-608655062108}"
EndProject
Global
	GlobalSection(SolutionConfigurationPlatforms) = preSolution
		Debug|Any CPU = Debug|Any CPU
		Release|Any CPU = Release|Any CPU
	EndGlobalSection
	GlobalSection(ProjectConfigurationPlatforms) = postSolution
		{9D0A6F06-BDC5-4924-8B07-6926904BA984}.Debug|Any CPU.ActiveCfg = Debug|Any CPU
		{9D0A6F06-BDC5-4924-8B07-6926904BA984}.Debug|Any CPU.Build.0 = Debug|Any CPU
		{9D0A6F06-BDC5-4924-8B07-6926904BA984}.Release|Any CPU.ActiveCfg = Release|Any CPU
		{9D0A6F06-BDC5-4924-8B07-6926904BA984}.Release|Any CPU.Build.0 = Release|Any CPU
		{90FF3BDD-C61C-4C17-ACFF-35BCE604D93E}.Debug|Any CPU.ActiveCfg = Debug|Any CPU
		{90FF3BDD-C61C-4C17-ACFF-35BCE604D93E}.Debug|Any CPU.Build.0 = Debug|Any CPU
		{90FF3BDD-C61C-4C17-ACFF-35BCE604D93E}.Release|Any CPU.ActiveCfg = Release|Any CPU
		{90FF3BDD-C61C-4C17-ACFF-35BCE604D93E}.Release|Any CPU.Build.0 = Release|Any CPU
		{0147212F-5E12-49F7-A27D-C9F2D169DA62}.Debug|Any CPU.ActiveCfg = Debug|Any CPU
		{0147212F-5E12-49F7-A27D-C9F2D169DA62}.Debug|Any CPU.Build.0 = Debug|Any CPU
		{0147212F-5E12-49F7-A27D-C9F2D169DA62}.Release|Any CPU.ActiveCfg = Release|Any CPU
		{0147212F-5E12-49F7-A27D-C9F2D169DA62}.Release|Any CPU.Build.0 = Release|Any CPU
		{CDD8E82B-64E1-4DC1-AF00-6EFB1600FEF6}.Debug|Any CPU.ActiveCfg = Debug|Any CPU
		{CDD8E82B-64E1-4DC1-AF00-6EFB1600FEF6}.Debug|Any CPU.Build.0 = Debug|Any CPU
		{CDD8E82B-64E1-4DC1-AF00-6EFB1600FEF6}.Release|Any CPU.ActiveCfg = Release|Any CPU
		{CDD8E82B-64E1-4DC1-AF00-6EFB1600FEF6}.Release|Any CPU.Build.0 = Release|Any CPU
		{D0521496-435C-4D78-96FC-4F93DA2FFA20}.Debug|Any CPU.ActiveCfg = Debug|Any CPU
		{D0521496-435C-4D78-96FC-4F93DA2FFA20}.Debug|Any CPU.Build.0 = Debug|Any CPU
		{D0521496-435C-4D78-96FC-4F93DA2FFA20}.Release|Any CPU.ActiveCfg = Release|Any CPU
		{D0521496-435C-4D78-96FC-4F93DA2FFA20}.Release|Any CPU.Build.0 = Release|Any CPU
		{02754721-A995-4240-8188-18272A06373D}.Debug|Any CPU.ActiveCfg = Debug|Any CPU
		{02754721-A995-4240-8188-18272A06373D}.Debug|Any CPU.Build.0 = Debug|Any CPU
		{02754721-A995-4240-8188-18272A06373D}.Release|Any CPU.ActiveCfg = Release|Any CPU
		{02754721-A995-4240-8188-18272A06373D}.Release|Any CPU.Build.0 = Release|Any CPU
		{87ACF89D-C543-44CE-B9B4-608655062108}.Debug|Any CPU.ActiveCfg = Debug|Any CPU
		{87ACF89D-C543-44CE-B9B4-608655062108}.Debug|Any CPU.Build.0 = Debug|Any CPU
		{87ACF89D-C543-44CE-B9B4-608655062108}.Release|Any CPU.ActiveCfg = Release|Any CPU
		{87ACF89D-C543-44CE-B9B4-608655062108}.Release|Any CPU.Build.0 = Release|Any CPU
	EndGlobalSection
	GlobalSection(SolutionProperties) = preSolution
		HideSolutionNode = FALSE
	EndGlobalSection
	GlobalSection(ExtensibilityGlobals) = postSolution
		SolutionGuid = {EB4AD669-5398-4B60-BA23-1299BAA3F51B}
	EndGlobalSection
EndGlobal
